
Microsoft Visual Studio Solution File, Format Version 12.00
# Visual Studio 15
VisualStudioVersion = 15.0.28307.757
MinimumVisualStudioVersion = 10.0.40219.1
Project("{F2A71F9B-5D33-465A-A702-920D77279786}") = "RockPaperScissors", "RockPaperScissors\RockPaperScissors.fsproj", "{AFA4AF65-C0A1-4CF1-B774-B53C35140F1D}"
EndProject
Global
	GlobalSection(SolutionConfigurationPlatforms) = preSolution
		Debug|Any CPU = Debug|Any CPU
		Release|Any CPU = Release|Any CPU
	EndGlobalSection
	GlobalSection(ProjectConfigurationPlatforms) = postSolution
		{AFA4AF65-C0A1-4CF1-B774-B53C35140F1D}.Debug|Any CPU.ActiveCfg = Debug|Any CPU
		{AFA4AF65-C0A1-4CF1-B774-B53C35140F1D}.Debug|Any CPU.Build.0 = Debug|Any CPU
		{AFA4AF65-C0A1-4CF1-B774-B53C35140F1D}.Release|Any CPU.ActiveCfg = Release|Any CPU
		{AFA4AF65-C0A1-4CF1-B774-B53C35140F1D}.Release|Any CPU.Build.0 = Release|Any CPU
	EndGlobalSection
	GlobalSection(SolutionProperties) = preSolution
		HideSolutionNode = FALSE
	EndGlobalSection
	GlobalSection(ExtensibilityGlobals) = postSolution
		SolutionGuid = {5088106D-49E2-4C38-8623-894FF1443D20}
	EndGlobalSection
EndGlobal
